
Microsoft Visual Studio Solution File, Format Version 12.00
# Visual Studio Version 16
VisualStudioVersion = 16.0.30428.66
MinimumVisualStudioVersion = 10.0.40219.1
Project("{FAE04EC0-301F-11D3-BF4B-00C04F79EFBC}") = "Data", "..\Data\Data.csproj", "{A93CE60E-59AA-4326-B4D1-021F045D566E}"
EndProject
Project("{FAE04EC0-301F-11D3-BF4B-00C04F79EFBC}") = "PL", "..\PL\PL.csproj", "{CE15DDC7-1F63-4474-9910-E52F6BFCB897}"
EndProject
Global
	GlobalSection(SolutionConfigurationPlatforms) = preSolution
		Debug|Any CPU = Debug|Any CPU
		Release|Any CPU = Release|Any CPU
	EndGlobalSection
	GlobalSection(ProjectConfigurationPlatforms) = postSolution
		{A93CE60E-59AA-4326-B4D1-021F045D566E}.Debug|Any CPU.ActiveCfg = Debug|Any CPU
		{A93CE60E-59AA-4326-B4D1-021F045D566E}.Debug|Any CPU.Build.0 = Debug|Any CPU
		{A93CE60E-59AA-4326-B4D1-021F045D566E}.Release|Any CPU.ActiveCfg = Release|Any CPU
		{A93CE60E-59AA-4326-B4D1-021F045D566E}.Release|Any CPU.Build.0 = Release|Any CPU
		{CE15DDC7-1F63-4474-9910-E52F6BFCB897}.Debug|Any CPU.ActiveCfg = Debug|Any CPU
		{CE15DDC7-1F63-4474-9910-E52F6BFCB897}.Debug|Any CPU.Build.0 = Debug|Any CPU
		{CE15DDC7-1F63-4474-9910-E52F6BFCB897}.Release|Any CPU.ActiveCfg = Release|Any CPU
		{CE15DDC7-1F63-4474-9910-E52F6BFCB897}.Release|Any CPU.Build.0 = Release|Any CPU
	EndGlobalSection
	GlobalSection(SolutionProperties) = preSolution
		HideSolutionNode = FALSE
	EndGlobalSection
	GlobalSection(ExtensibilityGlobals) = postSolution
		SolutionGuid = {09C09767-5163-4988-8AA8-2873A144B915}
	EndGlobalSection
EndGlobal
